
Microsoft Visual Studio Solution File, Format Version 12.00
# Visual Studio Version 16
VisualStudioVersion = 16.0.31729.503
MinimumVisualStudioVersion = 10.0.40219.1
Project("{FAE04EC0-301F-11D3-BF4B-00C04F79EFBC}") = "WebAppDay22Ex1", "WebAppDay22Ex1\WebAppDay22Ex1.csproj", "{CF0BF98E-2189-4504-AC67-A21D61B611E3}"
EndProject
Global
	GlobalSection(SolutionConfigurationPlatforms) = preSolution
		Debug|Any CPU = Debug|Any CPU
		Release|Any CPU = Release|Any CPU
	EndGlobalSection
	GlobalSection(ProjectConfigurationPlatforms) = postSolution
		{CF0BF98E-2189-4504-AC67-A21D61B611E3}.Debug|Any CPU.ActiveCfg = Debug|Any CPU
		{CF0BF98E-2189-4504-AC67-A21D61B611E3}.Debug|Any CPU.Build.0 = Debug|Any CPU
		{CF0BF98E-2189-4504-AC67-A21D61B611E3}.Release|Any CPU.ActiveCfg = Release|Any CPU
		{CF0BF98E-2189-4504-AC67-A21D61B611E3}.Release|Any CPU.Build.0 = Release|Any CPU
	EndGlobalSection
	GlobalSection(SolutionProperties) = preSolution
		HideSolutionNode = FALSE
	EndGlobalSection
	GlobalSection(ExtensibilityGlobals) = postSolution
		SolutionGuid = {4C3A6770-0F4B-4565-8AE5-3D6B64970FA7}
	EndGlobalSection
EndGlobal
